
Microsoft Visual Studio Solution File, Format Version 12.00
# Visual Studio 2012
Project("{2150E333-8FDC-42A3-9474-1A3956D46DE8}") = "Solution Items", "Solution Items", "{5AE547CE-AA49-4AC1-8836-DB9319C61190}"
	ProjectSection(SolutionItems) = preProject
		TaggingKitUML.odg = TaggingKitUML.odg
	EndProjectSection
EndProject
Project("{FAE04EC0-301F-11D3-BF4B-00C04F79EFBC}") = "OneNoteTaggingKit", "OneNoteTaggingKit\OneNoteTaggingKit.csproj", "{C91F9302-AD53-4561-9FB4-7E6FB658CF7C}"
EndProject
Project("{6141683F-8A12-4E36-9623-2EB02B2C2303}") = "SetupTaggingKit", "SetupTaggingKit\SetupTaggingKit.isproj", "{96825EB9-B6F6-4027-95D2-C77B7B001E37}"
	ProjectSection(ProjectDependencies) = postProject
		{C91F9302-AD53-4561-9FB4-7E6FB658CF7C} = {C91F9302-AD53-4561-9FB4-7E6FB658CF7C}
	EndProjectSection
EndProject
Global
	GlobalSection(SolutionConfigurationPlatforms) = preSolution
		CD_ROM|Any CPU = CD_ROM|Any CPU
		Debug|Any CPU = Debug|Any CPU
		DVD-5|Any CPU = DVD-5|Any CPU
		Release|Any CPU = Release|Any CPU
		SingleImage|Any CPU = SingleImage|Any CPU
	EndGlobalSection
	GlobalSection(ProjectConfigurationPlatforms) = postSolution
		{C91F9302-AD53-4561-9FB4-7E6FB658CF7C}.CD_ROM|Any CPU.ActiveCfg = Release|Any CPU
		{C91F9302-AD53-4561-9FB4-7E6FB658CF7C}.CD_ROM|Any CPU.Build.0 = Release|Any CPU
		{C91F9302-AD53-4561-9FB4-7E6FB658CF7C}.Debug|Any CPU.ActiveCfg = Debug|Any CPU
		{C91F9302-AD53-4561-9FB4-7E6FB658CF7C}.Debug|Any CPU.Build.0 = Debug|Any CPU
		{C91F9302-AD53-4561-9FB4-7E6FB658CF7C}.DVD-5|Any CPU.ActiveCfg = Debug|Any CPU
		{C91F9302-AD53-4561-9FB4-7E6FB658CF7C}.DVD-5|Any CPU.Build.0 = Debug|Any CPU
		{C91F9302-AD53-4561-9FB4-7E6FB658CF7C}.Release|Any CPU.ActiveCfg = Release|Any CPU
		{C91F9302-AD53-4561-9FB4-7E6FB658CF7C}.Release|Any CPU.Build.0 = Release|Any CPU
		{C91F9302-AD53-4561-9FB4-7E6FB658CF7C}.SingleImage|Any CPU.ActiveCfg = Release|Any CPU
		{C91F9302-AD53-4561-9FB4-7E6FB658CF7C}.SingleImage|Any CPU.Build.0 = Release|Any CPU
		{96825EB9-B6F6-4027-95D2-C77B7B001E37}.CD_ROM|Any CPU.ActiveCfg = CD_ROM
		{96825EB9-B6F6-4027-95D2-C77B7B001E37}.CD_ROM|Any CPU.Build.0 = CD_ROM
		{96825EB9-B6F6-4027-95D2-C77B7B001E37}.Debug|Any CPU.ActiveCfg = DVD-5
		{96825EB9-B6F6-4027-95D2-C77B7B001E37}.Debug|Any CPU.Build.0 = DVD-5
		{96825EB9-B6F6-4027-95D2-C77B7B001E37}.DVD-5|Any CPU.ActiveCfg = DVD-5
		{96825EB9-B6F6-4027-95D2-C77B7B001E37}.DVD-5|Any CPU.Build.0 = DVD-5
		{96825EB9-B6F6-4027-95D2-C77B7B001E37}.Release|Any CPU.ActiveCfg = SingleImage
		{96825EB9-B6F6-4027-95D2-C77B7B001E37}.Release|Any CPU.Build.0 = SingleImage
		{96825EB9-B6F6-4027-95D2-C77B7B001E37}.SingleImage|Any CPU.ActiveCfg = SingleImage
		{96825EB9-B6F6-4027-95D2-C77B7B001E37}.SingleImage|Any CPU.Build.0 = SingleImage
	EndGlobalSection
	GlobalSection(SolutionProperties) = preSolution
		HideSolutionNode = FALSE
	EndGlobalSection
EndGlobal
